
Microsoft Visual Studio Solution File, Format Version 12.00
# Visual Studio Version 16
VisualStudioVersion = 16.0.31019.35
MinimumVisualStudioVersion = 10.0.40219.1
Project("{9A19103F-16F7-4668-BE54-9A1E7A4F7556}") = "Biblioteca.Server", "Server\Biblioteca.Server.csproj", "{2D07AB6B-C256-4BB4-9BE6-FB35C5909002}"
EndProject
Project("{9A19103F-16F7-4668-BE54-9A1E7A4F7556}") = "Biblioteca.Client", "Client\Biblioteca.Client.csproj", "{4B0B9B39-7E7A-4598-A03F-EB2FEC6565DD}"
EndProject
Project("{9A19103F-16F7-4668-BE54-9A1E7A4F7556}") = "Biblioteca.Shared", "Shared\Biblioteca.Shared.csproj", "{C466FA2A-F79D-4E5B-B9DE-B2B6FABF0F78}"
EndProject
Global
	GlobalSection(SolutionConfigurationPlatforms) = preSolution
		Debug|Any CPU = Debug|Any CPU
		Release|Any CPU = Release|Any CPU
	EndGlobalSection
	GlobalSection(ProjectConfigurationPlatforms) = postSolution
		{2D07AB6B-C256-4BB4-9BE6-FB35C5909002}.Debug|Any CPU.ActiveCfg = Debug|Any CPU
		{2D07AB6B-C256-4BB4-9BE6-FB35C5909002}.Debug|Any CPU.Build.0 = Debug|Any CPU
		{2D07AB6B-C256-4BB4-9BE6-FB35C5909002}.Release|Any CPU.ActiveCfg = Release|Any CPU
		{2D07AB6B-C256-4BB4-9BE6-FB35C5909002}.Release|Any CPU.Build.0 = Release|Any CPU
		{4B0B9B39-7E7A-4598-A03F-EB2FEC6565DD}.Debug|Any CPU.ActiveCfg = Debug|Any CPU
		{4B0B9B39-7E7A-4598-A03F-EB2FEC6565DD}.Debug|Any CPU.Build.0 = Debug|Any CPU
		{4B0B9B39-7E7A-4598-A03F-EB2FEC6565DD}.Release|Any CPU.ActiveCfg = Release|Any CPU
		{4B0B9B39-7E7A-4598-A03F-EB2FEC6565DD}.Release|Any CPU.Build.0 = Release|Any CPU
		{C466FA2A-F79D-4E5B-B9DE-B2B6FABF0F78}.Debug|Any CPU.ActiveCfg = Debug|Any CPU
		{C466FA2A-F79D-4E5B-B9DE-B2B6FABF0F78}.Debug|Any CPU.Build.0 = Debug|Any CPU
		{C466FA2A-F79D-4E5B-B9DE-B2B6FABF0F78}.Release|Any CPU.ActiveCfg = Release|Any CPU
		{C466FA2A-F79D-4E5B-B9DE-B2B6FABF0F78}.Release|Any CPU.Build.0 = Release|Any CPU
	EndGlobalSection
	GlobalSection(SolutionProperties) = preSolution
		HideSolutionNode = FALSE
	EndGlobalSection
	GlobalSection(ExtensibilityGlobals) = postSolution
		SolutionGuid = {20EA05AA-6237-43CC-A544-94DCCB204EE3}
	EndGlobalSection
EndGlobal
